// !$*UTF8*$!
{
	archiveVersion = 1;
	classes = {
	};
	objectVersion = 50;
	objects = {

/* Begin PBXBuildFile section */
		B2220873209F233A008DF7F5 /* AppDelegate.swift in Sources */ = {isa = PBXBuildFile; fileRef = B2220872209F233A008DF7F5 /* AppDelegate.swift */; };
		B2220875209F233A008DF7F5 /* ViewController.swift in Sources */ = {isa = PBXBuildFile; fileRef = B2220874209F233A008DF7F5 /* ViewController.swift */; };
		B2220878209F233A008DF7F5 /* Main.storyboard in Resources */ = {isa = PBXBuildFile; fileRef = B2220876209F233A008DF7F5 /* Main.storyboard */; };
		B222087B209F233A008DF7F5 /* Slideshow.xcdatamodeld in Sources */ = {isa = PBXBuildFile; fileRef = B2220879209F233A008DF7F5 /* Slideshow.xcdatamodeld */; };
		B222087D209F233B008DF7F5 /* Assets.xcassets in Resources */ = {isa = PBXBuildFile; fileRef = B222087C209F233B008DF7F5 /* Assets.xcassets */; };
		B2220880209F233B008DF7F5 /* LaunchScreen.storyboard in Resources */ = {isa = PBXBuildFile; fileRef = B222087E209F233B008DF7F5 /* LaunchScreen.storyboard */; };
/* End PBXBuildFile section */

/* Begin PBXFileReference section */
		B222086F209F233A008DF7F5 /* Slideshow.app */ = {isa = PBXFileReference; explicitFileType = wrapper.application; includeInIndex = 0; path = Slideshow.app; sourceTree = BUILT_PRODUCTS_DIR; };
		B2220872209F233A008DF7F5 /* AppDelegate.swift */ = {isa = PBXFileReference; lastKnownFileType = sourcecode.swift; path = AppDelegate.swift; sourceTree = "<group>"; };
		B2220874209F233A008DF7F5 /* ViewController.swift */ = {isa = PBXFileReference; lastKnownFileType = sourcecode.swift; path = ViewController.swift; sourceTree = "<group>"; };
		B2220877209F233A008DF7F5 /* Base */ = {isa = PBXFileReference; lastKnownFileType = file.storyboard; name = Base; path = Base.lproj/Main.storyboard; sourceTree = "<group>"; };
		B222087A209F233A008DF7F5 /* Slideshow.xcdatamodel */ = {isa = PBXFileReference; lastKnownFileType = wrapper.xcdatamodel; path = Slideshow.xcdatamodel; sourceTree = "<group>"; };
		B222087C209F233B008DF7F5 /* Assets.xcassets */ = {isa = PBXFileReference; lastKnownFileType = folder.assetcatalog; path = Assets.xcassets; sourceTree = "<group>"; };
		B222087F209F233B008DF7F5 /* Base */ = {isa = PBXFileReference; lastKnownFileType = file.storyboard; name = Base; path = Base.lproj/LaunchScreen.storyboard; sourceTree = "<group>"; };
		B2220881209F233B008DF7F5 /* Info.plist */ = {isa = PBXFileReference; lastKnownFileType = text.plist.xml; path = Info.plist; sourceTree = "<group>"; };
/* End PBXFileReference section */

/* Begin PBXFrameworksBuildPhase section */
		B222086C209F233A008DF7F5 /* Frameworks */ = {
			isa = PBXFrameworksBuildPhase;
			buildActionMask = 2147483647;
			files = (
			);
			runOnlyForDeploymentPostprocessing = 0;
		};
/* End PBXFrameworksBuildPhase section */

/* Begin PBXGroup section */
		B2220866209F233A008DF7F5 = {
			isa = PBXGroup;
			children = (
				B2220871209F233A008DF7F5 /* Slideshow */,
				B2220870209F233A008DF7F5 /* Products */,
			);
			sourceTree = "<group>";
		};
		B2220870209F233A008DF7F5 /* Products */ = {
			isa = PBXGroup;
			children = (
				B222086F209F233A008DF7F5 /* Slideshow.app */,
			);
			name = Products;
			sourceTree = "<group>";
		};
		B2220871209F233A008DF7F5 /* Slideshow */ = {
			isa = PBXGroup;
			children = (
				B2220872209F233A008DF7F5 /* AppDelegate.swift */,
				B2220874209F233A008DF7F5 /* ViewController.swift */,
				B2220876209F233A008DF7F5 /* Main.storyboard */,
				B222087C209F233B008DF7F5 /* Assets.xcassets */,
				B222087E209F233B008DF7F5 /* LaunchScreen.storyboard */,
				B2220881209F233B008DF7F5 /* Info.plist */,
				B2220879209F233A008DF7F5 /* Slideshow.xcdatamodeld */,
			);
			path = Slideshow;
			sourceTree = "<group>";
		};
/* End PBXGroup section */

/* Begin PBXNativeTarget section */
		B222086E209F233A008DF7F5 /* Slideshow */ = {
			isa = PBXNativeTarget;
			buildConfigurationList = B2220884209F233B008DF7F5 /* Build configuration list for PBXNativeTarget "Slideshow" */;
			buildPhases = (
				B222086B209F233A008DF7F5 /* Sources */,
				B222086C209F233A008DF7F5 /* Frameworks */,
				B222086D209F233A008DF7F5 /* Resources */,
			);
			buildRules = (
			);
			dependencies = (
			);
			name = Slideshow;
			productName = Slideshow;
			productReference = B222086F209F233A008DF7F5 /* Slideshow.app */;
			productType = "com.apple.product-type.application";
		};
/* End PBXNativeTarget section */

/* Begin PBXProject section */
		B2220867209F233A008DF7F5 /* Project object */ = {
			isa = PBXProject;
			attributes = {
				LastSwiftUpdateCheck = 0930;
				LastUpgradeCheck = 0930;
				ORGANIZATIONNAME = "Marc Shearer";
				TargetAttributes = {
					B222086E209F233A008DF7F5 = {
						CreatedOnToolsVersion = 9.3;
					};
				};
			};
			buildConfigurationList = B222086A209F233A008DF7F5 /* Build configuration list for PBXProject "Slideshow" */;
			compatibilityVersion = "Xcode 9.3";
			developmentRegion = en;
			hasScannedForEncodings = 0;
			knownRegions = (
				en,
				Base,
			);
			mainGroup = B2220866209F233A008DF7F5;
			productRefGroup = B2220870209F233A008DF7F5 /* Products */;
			projectDirPath = "";
			projectRoot = "";
			targets = (
				B222086E209F233A008DF7F5 /* Slideshow */,
			);
		};
/* End PBXProject section */

/* Begin PBXResourcesBuildPhase section */
		B222086D209F233A008DF7F5 /* Resources */ = {
			isa = PBXResourcesBuildPhase;
			buildActionMask = 2147483647;
			files = (
				B2220880209F233B008DF7F5 /* LaunchScreen.storyboard in Resources */,
				B222087D209F233B008DF7F5 /* Assets.xcassets in Resources */,
				B2220878209F233A008DF7F5 /* Main.storyboard in Resources */,
			);
			runOnlyForDeploymentPostprocessing = 0;
		};
/* End PBXResourcesBuildPhase section */

/* Begin PBXSourcesBuildPhase section */
		B222086B209F233A008DF7F5 /* Sources */ = {
			isa = PBXSourcesBuildPhase;
			buildActionMask = 2147483647;
			files = (
				B2220875209F233A008DF7F5 /* ViewController.swift in Sources */,
				B2220873209F233A008DF7F5 /* AppDelegate.swift in Sources */,
				B222087B209F233A008DF7F5 /* Slideshow.xcdatamodeld in Sources */,
			);
			runOnlyForDeploymentPostprocessing = 0;
		};
/* End PBXSourcesBuildPhase section */

/* Begin PBXVariantGroup section */
		B2220876209F233A008DF7F5 /* Main.storyboard */ = {
			isa = PBXVariantGroup;
			children = (
				B2220877209F233A008DF7F5 /* Base */,
			);
			name = Main.storyboard;
			sourceTree = "<group>";
		};
		B222087E209F233B008DF7F5 /* LaunchScreen.storyboard */ = {
			isa = PBXVariantGroup;
			children = (
				B222087F209F233B008DF7F5 /* Base */,
			);
			name = LaunchScreen.storyboard;
			sourceTree = "<group>";
		};
/* End PBXVariantGroup section */

/* Begin XCBuildConfiguration section */
		B2220882209F233B008DF7F5 /* Debug */ = {
			isa = XCBuildConfiguration;
			buildSettings = {
				ALWAYS_SEARCH_USER_PATHS = NO;
				CLANG_ANALYZER_NONNULL = YES;
				CLANG_ANALYZER_NUMBER_OBJECT_CONVERSION = YES_AGGRESSIVE;
				CLANG_CXX_LANGUAGE_STANDARD = "gnu++14";
				CLANG_CXX_LIBRARY = "libc++";
				CLANG_ENABLE_MODULES = YES;
				CLANG_ENABLE_OBJC_ARC = YES;
				CLANG_ENABLE_OBJC_WEAK = YES;
				CLANG_WARN_BLOCK_CAPTURE_AUTORELEASING = YES;
				CLANG_WARN_BOOL_CONVERSION = YES;
				CLANG_WARN_COMMA = YES;
				CLANG_WARN_CONSTANT_CONVERSION = YES;
				CLANG_WARN_DEPRECATED_OBJC_IMPLEMENTATIONS = YES;
				CLANG_WARN_DIRECT_OBJC_ISA_USAGE = YES_ERROR;
				CLANG_WARN_DOCUMENTATION_COMMENTS = YES;
				CLANG_WARN_EMPTY_BODY = YES;
				CLANG_WARN_ENUM_CONVERSION = YES;
				CLANG_WARN_INFINITE_RECURSION = YES;
				CLANG_WARN_INT_CONVERSION = YES;
				CLANG_WARN_NON_LITERAL_NULL_CONVERSION = YES;
				CLANG_WARN_OBJC_IMPLICIT_RETAIN_SELF = YES;
				CLANG_WARN_OBJC_LITERAL_CONVERSION = YES;
				CLANG_WARN_OBJC_ROOT_CLASS = YES_ERROR;
				CLANG_WARN_RANGE_LOOP_ANALYSIS = YES;
				CLANG_WARN_STRICT_PROTOTYPES = YES;
				CLANG_WARN_SUSPICIOUS_MOVE = YES;
				CLANG_WARN_UNGUARDED_AVAILABILITY = YES_AGGRESSIVE;
				CLANG_WARN_UNREACHABLE_CODE = YES;
				CLANG_WARN__DUPLICATE_METHOD_MATCH = YES;
				CODE_SIGN_IDENTITY = "iPhone Developer";
				COPY_PHASE_STRIP = NO;
				DEBUG_INFORMATION_FORMAT = dwarf;
				ENABLE_STRICT_OBJC_MSGSEND = YES;
				ENABLE_TESTABILITY = YES;
				GCC_C_LANGUAGE_STANDARD = gnu11;
				GCC_DYNAMIC_NO_PIC = NO;
				GCC_NO_COMMON_BLOCKS = YES;
				GCC_OPTIMIZATION_LEVEL = 0;
				GCC_PREPROCESSOR_DEFINITIONS = (
					"DEBUG=1",
					"$(inherited)",
				);
				GCC_WARN_64_TO_32_BIT_CONVERSION = YES;
				GCC_WARN_ABOUT_RETURN_TYPE = YES_ERROR;
				GCC_WARN_UNDECLARED_SELECTOR = YES;
				GCC_WARN_UNINITIALIZED_AUTOS = YES_AGGRESSIVE;
				GCC_WARN_UNUSED_FUNCTION = YES;
				GCC_WARN_UNUSED_VARIABLE = YES;
				IPHONEOS_DEPLOYMENT_TARGET = 11.3;
				MTL_ENABLE_DEBUG_INFO = YES;
				ONLY_ACTIVE_ARCH = YES;
				SDKROOT = iphoneos;
				SWIFT_ACTIVE_COMPILATION_CONDITIONS = DEBUG;
				SWIFT_OPTIMIZATION_LEVEL = "-Onone";
			};
			name = Debug;
		};
		B2220883209F233B008DF7F5 /* Release */ = {
			isa = XCBuildConfiguration;
			buildSettings = {
				ALWAYS_SEARCH_USER_PATHS = NO;
				CLANG_ANALYZER_NONNULL = YES;
				CLANG_ANALYZER_NUMBER_OBJECT_CONVERSION = YES_AGGRESSIVE;
				CLANG_CXX_LANGUAGE_STANDARD = "gnu++14";
				CLANG_CXX_LIBRARY = "libc++";
				CLANG_ENABLE_MODULES = YES;
				CLANG_ENABLE_OBJC_ARC = YES;
				CLANG_ENABLE_OBJC_WEAK = YES;
				CLANG_WARN_BLOCK_CAPTURE_AUTORELEASING = YES;
				CLANG_WARN_BOOL_CONVERSION = YES;
				CLANG_WARN_COMMA = YES;
				CLANG_WARN_CONSTANT_CONVERSION = YES;
				CLANG_WARN_DEPRECATED_OBJC_IMPLEMENTATIONS = YES;
				CLANG_WARN_DIRECT_OBJC_ISA_USAGE = YES_ERROR;
				CLANG_WARN_DOCUMENTATION_COMMENTS = YES;
				CLANG_WARN_EMPTY_BODY = YES;
				CLANG_WARN_ENUM_CONVERSION = YES;
				CLANG_WARN_INFINITE_RECURSION = YES;
				CLANG_WARN_INT_CONVERSION = YES;
				CLANG_WARN_NON_LITERAL_NULL_CONVERSION = YES;
				CLANG_WARN_OBJC_IMPLICIT_RETAIN_SELF = YES;
				CLANG_WARN_OBJC_LITERAL_CONVERSION = YES;
				CLANG_WARN_OBJC_ROOT_CLASS = YES_ERROR;
				CLANG_WARN_RANGE_LOOP_ANALYSIS = YES;
				CLANG_WARN_STRICT_PROTOTYPES = YES;
				CLANG_WARN_SUSPICIOUS_MOVE = YES;
				CLANG_WARN_UNGUARDED_AVAILABILITY = YES_AGGRESSIVE;
				CLANG_WARN_UNREACHABLE_CODE = YES;
				CLANG_WARN__DUPLICATE_METHOD_MATCH = YES;
				CODE_SIGN_IDENTITY = "iPhone Developer";
				COPY_PHASE_STRIP = NO;
				DEBUG_INFORMATION_FORMAT = "dwarf-with-dsym";
				ENABLE_NS_ASSERTIONS = NO;
				ENABLE_STRICT_OBJC_MSGSEND = YES;
				GCC_C_LANGUAGE_STANDARD = gnu11;
				GCC_NO_COMMON_BLOCKS = YES;
				GCC_WARN_64_TO_32_BIT_CONVERSION = YES;
				GCC_WARN_ABOUT_RETURN_TYPE = YES_ERROR;
				GCC_WARN_UNDECLARED_SELECTOR = YES;
				GCC_WARN_UNINITIALIZED_AUTOS = YES_AGGRESSIVE;
				GCC_WARN_UNUSED_FUNCTION = YES;
				GCC_WARN_UNUSED_VARIABLE = YES;
				IPHONEOS_DEPLOYMENT_TARGET = 11.3;
				MTL_ENABLE_DEBUG_INFO = NO;
				SDKROOT = iphoneos;
				SWIFT_COMPILATION_MODE = wholemodule;
				SWIFT_OPTIMIZATION_LEVEL = "-O";
				VALIDATE_PRODUCT = YES;
			};
			name = Release;
		};
		B2220885209F233B008DF7F5 /* Debug */ = {
			isa = XCBuildConfiguration;
			buildSettings = {
				ASSETCATALOG_COMPILER_APPICON_NAME = AppIcon;
				CODE_SIGN_STYLE = Automatic;
				DEVELOPMENT_TEAM = 3T7CT2S464;
				INFOPLIST_FILE = Slideshow/Info.plist;
				LD_RUNPATH_SEARCH_PATHS = (
					"$(inherited)",
					"@executable_path/Frameworks",
				);
				PRODUCT_BUNDLE_IDENTIFIER = MarcShearer.Slideshow;
				PRODUCT_NAME = "$(TARGET_NAME)";
				SWIFT_VERSION = 4.0;
				TARGETED_DEVICE_FAMILY = "1,2";
			};
			name = Debug;
		};
		B2220886209F233B008DF7F5 /* Release */ = {
			isa = XCBuildConfiguration;
			buildSettings = {
				ASSETCATALOG_COMPILER_APPICON_NAME = AppIcon;
				CODE_SIGN_STYLE = Automatic;
				DEVELOPMENT_TEAM = 3T7CT2S464;
				INFOPLIST_FILE = Slideshow/Info.plist;
				LD_RUNPATH_SEARCH_PATHS = (
					"$(inherited)",
					"@executable_path/Frameworks",
				);
				PRODUCT_BUNDLE_IDENTIFIER = MarcShearer.Slideshow;
				PRODUCT_NAME = "$(TARGET_NAME)";
				SWIFT_VERSION = 4.0;
				TARGETED_DEVICE_FAMILY = "1,2";
			};
			name = Release;
		};
/* End XCBuildConfiguration section */

/* Begin XCConfigurationList section */
		B222086A209F233A008DF7F5 /* Build configuration list for PBXProject "Slideshow" */ = {
			isa = XCConfigurationList;
			buildConfigurations = (
				B2220882209F233B008DF7F5 /* Debug */,
				B2220883209F233B008DF7F5 /* Release */,
			);
			defaultConfigurationIsVisible = 0;
			defaultConfigurationName = Release;
		};
		B2220884209F233B008DF7F5 /* Build configuration list for PBXNativeTarget "Slideshow" */ = {
			isa = XCConfigurationList;
			buildConfigurations = (
				B2220885209F233B008DF7F5 /* Debug */,
				B2220886209F233B008DF7F5 /* Release */,
			);
			defaultConfigurationIsVisible = 0;
			defaultConfigurationName = Release;
		};
/* End XCConfigurationList section */

/* Begin XCVersionGroup section */
		B2220879209F233A008DF7F5 /* Slideshow.xcdatamodeld */ = {
			isa = XCVersionGroup;
			children = (
				B222087A209F233A008DF7F5 /* Slideshow.xcdatamodel */,
			);
			currentVersion = B222087A209F233A008DF7F5 /* Slideshow.xcdatamodel */;
			path = Slideshow.xcdatamodeld;
			sourceTree = "<group>";
			versionGroupType = wrapper.xcdatamodel;
		};
/* End XCVersionGroup section */
	};
	rootObject = B2220867209F233A008DF7F5 /* Project object */;
}
